
Microsoft Visual Studio Solution File, Format Version 12.00
# Visual Studio 15
VisualStudioVersion = 15.0.28307.329
MinimumVisualStudioVersion = 10.0.40219.1
Project("{9A19103F-16F7-4668-BE54-9A1E7A4F7556}") = "UsefulNotifications.Website", "UsefulNotifications.Website\UsefulNotifications.Website.csproj", "{A47E0391-FC6A-461A-BBB7-4664AC41DF0A}"
EndProject
Project("{9A19103F-16F7-4668-BE54-9A1E7A4F7556}") = "UsefulNotifications.Domain", "UsefulNotifications.Domain\UsefulNotifications.Domain.csproj", "{FE13C605-442C-41FF-81D6-AB4262F0404A}"
EndProject
Project("{9A19103F-16F7-4668-BE54-9A1E7A4F7556}") = "UsefulNotifications.Commands", "UsefulNotifications.Commands\UsefulNotifications.Commands.csproj", "{9EF19164-6117-472C-90BE-ACDE4DC2E3DB}"
EndProject
Project("{2150E333-8FDC-42A3-9474-1A3956D46DE8}") = "Tests", "Tests", "{BE1AF4F3-49F7-4FC8-B698-3E7E672E858F}"
EndProject
Project("{9A19103F-16F7-4668-BE54-9A1E7A4F7556}") = "UsefulNotifications.ToolsApp", "UsefulNotifications.ToolsApp\UsefulNotifications.ToolsApp.csproj", "{5983F2B3-383B-4A00-B027-7734633B0A9E}"
EndProject
Project("{9A19103F-16F7-4668-BE54-9A1E7A4F7556}") = "UsefulNotifications.Queries", "UsefulNotifications.Queries\UsefulNotifications.Queries.csproj", "{C0AD6750-BEFD-43C6-A0E4-FBE75ECAF0A4}"
EndProject
Project("{9A19103F-16F7-4668-BE54-9A1E7A4F7556}") = "UsefulNotifications.Shared", "UsefulNotifications.Shared\UsefulNotifications.Shared.csproj", "{96FCB7CB-5CD1-4321-ABB1-6933C80DA4F0}"
EndProject
Project("{9A19103F-16F7-4668-BE54-9A1E7A4F7556}") = "UsefulNotifications.Dtos", "UsefulNotifications.Dtos\UsefulNotifications.Dtos.csproj", "{95E0C37F-C29D-4EF7-B1C4-EF27601229D5}"
EndProject
Project("{9A19103F-16F7-4668-BE54-9A1E7A4F7556}") = "UsefulNotifications.TestsShared", "UsefulNotifications.TestsShared\UsefulNotifications.TestsShared.csproj", "{23760A18-75B9-4CCA-91EC-C05767F13432}"
EndProject
Project("{9A19103F-16F7-4668-BE54-9A1E7A4F7556}") = "UsefulNotifications.Infrastructure", "UsefulNotifications.Infrastructure\UsefulNotifications.Infrastructure.csproj", "{BFE10E66-1D52-40FF-8CD9-D625B7BE1DD9}"
EndProject
Project("{9A19103F-16F7-4668-BE54-9A1E7A4F7556}") = "UsefulNotifications.Dtos.IntegrationTests", "UsefulNotifications.Dtos.IntegrationTests\UsefulNotifications.Dtos.IntegrationTests.csproj", "{37B72A53-EAD7-49BC-8005-5456431774FE}"
EndProject
Project("{9A19103F-16F7-4668-BE54-9A1E7A4F7556}") = "UsefulNotifications.Website.IntegrationTests", "UsefulNotifications.Website.IntegrationTests\UsefulNotifications.Website.IntegrationTests.csproj", "{A156F7DF-EA72-41A0-BB03-4FFAF74BDCDD}"
EndProject
Project("{9A19103F-16F7-4668-BE54-9A1E7A4F7556}") = "UsefulNotifications.IntegrationTestsShared", "UsefulNotifications.IntegrationTestsShared\UsefulNotifications.IntegrationTestsShared.csproj", "{C8A8D56C-EBDD-40FB-A23A-05B86E4AD03E}"
EndProject
Project("{9A19103F-16F7-4668-BE54-9A1E7A4F7556}") = "UsefulNotifications.Domain.IntegrationTests", "UsefulNotifications.Domain.IntegrationTests\UsefulNotifications.Domain.IntegrationTests.csproj", "{5D1BBF76-D44D-4908-9049-974B185BDB3B}"
EndProject
Project("{9A19103F-16F7-4668-BE54-9A1E7A4F7556}") = "UsefulNotifications.ServiceApp", "UsefulNotifications.ServiceApp\UsefulNotifications.ServiceApp.csproj", "{E8436055-68FA-47CE-9F72-403A535E42BE}"
EndProject
Project("{FAE04EC0-301F-11D3-BF4B-00C04F79EFBC}") = "UsefulNotifications.DownloadApp", "UsefulNotifications.DownloadApp\UsefulNotifications.DownloadApp.csproj", "{A8D14358-7433-40C6-95E0-0C0B0335D530}"
EndProject
Global
	GlobalSection(SolutionConfigurationPlatforms) = preSolution
		Debug|Any CPU = Debug|Any CPU
		Release|Any CPU = Release|Any CPU
	EndGlobalSection
	GlobalSection(ProjectConfigurationPlatforms) = postSolution
		{A47E0391-FC6A-461A-BBB7-4664AC41DF0A}.Debug|Any CPU.ActiveCfg = Debug|Any CPU
		{A47E0391-FC6A-461A-BBB7-4664AC41DF0A}.Debug|Any CPU.Build.0 = Debug|Any CPU
		{A47E0391-FC6A-461A-BBB7-4664AC41DF0A}.Release|Any CPU.ActiveCfg = Release|Any CPU
		{A47E0391-FC6A-461A-BBB7-4664AC41DF0A}.Release|Any CPU.Build.0 = Release|Any CPU
		{FE13C605-442C-41FF-81D6-AB4262F0404A}.Debug|Any CPU.ActiveCfg = Debug|Any CPU
		{FE13C605-442C-41FF-81D6-AB4262F0404A}.Debug|Any CPU.Build.0 = Debug|Any CPU
		{FE13C605-442C-41FF-81D6-AB4262F0404A}.Release|Any CPU.ActiveCfg = Release|Any CPU
		{FE13C605-442C-41FF-81D6-AB4262F0404A}.Release|Any CPU.Build.0 = Release|Any CPU
		{9EF19164-6117-472C-90BE-ACDE4DC2E3DB}.Debug|Any CPU.ActiveCfg = Debug|Any CPU
		{9EF19164-6117-472C-90BE-ACDE4DC2E3DB}.Debug|Any CPU.Build.0 = Debug|Any CPU
		{9EF19164-6117-472C-90BE-ACDE4DC2E3DB}.Release|Any CPU.ActiveCfg = Release|Any CPU
		{9EF19164-6117-472C-90BE-ACDE4DC2E3DB}.Release|Any CPU.Build.0 = Release|Any CPU
		{5983F2B3-383B-4A00-B027-7734633B0A9E}.Debug|Any CPU.ActiveCfg = Debug|Any CPU
		{5983F2B3-383B-4A00-B027-7734633B0A9E}.Debug|Any CPU.Build.0 = Debug|Any CPU
		{5983F2B3-383B-4A00-B027-7734633B0A9E}.Release|Any CPU.ActiveCfg = Release|Any CPU
		{5983F2B3-383B-4A00-B027-7734633B0A9E}.Release|Any CPU.Build.0 = Release|Any CPU
		{C0AD6750-BEFD-43C6-A0E4-FBE75ECAF0A4}.Debug|Any CPU.ActiveCfg = Debug|Any CPU
		{C0AD6750-BEFD-43C6-A0E4-FBE75ECAF0A4}.Debug|Any CPU.Build.0 = Debug|Any CPU
		{C0AD6750-BEFD-43C6-A0E4-FBE75ECAF0A4}.Release|Any CPU.ActiveCfg = Release|Any CPU
		{C0AD6750-BEFD-43C6-A0E4-FBE75ECAF0A4}.Release|Any CPU.Build.0 = Release|Any CPU
		{96FCB7CB-5CD1-4321-ABB1-6933C80DA4F0}.Debug|Any CPU.ActiveCfg = Debug|Any CPU
		{96FCB7CB-5CD1-4321-ABB1-6933C80DA4F0}.Debug|Any CPU.Build.0 = Debug|Any CPU
		{96FCB7CB-5CD1-4321-ABB1-6933C80DA4F0}.Release|Any CPU.ActiveCfg = Release|Any CPU
		{96FCB7CB-5CD1-4321-ABB1-6933C80DA4F0}.Release|Any CPU.Build.0 = Release|Any CPU
		{95E0C37F-C29D-4EF7-B1C4-EF27601229D5}.Debug|Any CPU.ActiveCfg = Debug|Any CPU
		{95E0C37F-C29D-4EF7-B1C4-EF27601229D5}.Debug|Any CPU.Build.0 = Debug|Any CPU
		{95E0C37F-C29D-4EF7-B1C4-EF27601229D5}.Release|Any CPU.ActiveCfg = Release|Any CPU
		{95E0C37F-C29D-4EF7-B1C4-EF27601229D5}.Release|Any CPU.Build.0 = Release|Any CPU
		{23760A18-75B9-4CCA-91EC-C05767F13432}.Debug|Any CPU.ActiveCfg = Debug|Any CPU
		{23760A18-75B9-4CCA-91EC-C05767F13432}.Debug|Any CPU.Build.0 = Debug|Any CPU
		{23760A18-75B9-4CCA-91EC-C05767F13432}.Release|Any CPU.ActiveCfg = Release|Any CPU
		{23760A18-75B9-4CCA-91EC-C05767F13432}.Release|Any CPU.Build.0 = Release|Any CPU
		{BFE10E66-1D52-40FF-8CD9-D625B7BE1DD9}.Debug|Any CPU.ActiveCfg = Debug|Any CPU
		{BFE10E66-1D52-40FF-8CD9-D625B7BE1DD9}.Debug|Any CPU.Build.0 = Debug|Any CPU
		{BFE10E66-1D52-40FF-8CD9-D625B7BE1DD9}.Release|Any CPU.ActiveCfg = Release|Any CPU
		{BFE10E66-1D52-40FF-8CD9-D625B7BE1DD9}.Release|Any CPU.Build.0 = Release|Any CPU
		{37B72A53-EAD7-49BC-8005-5456431774FE}.Debug|Any CPU.ActiveCfg = Debug|Any CPU
		{37B72A53-EAD7-49BC-8005-5456431774FE}.Debug|Any CPU.Build.0 = Debug|Any CPU
		{37B72A53-EAD7-49BC-8005-5456431774FE}.Release|Any CPU.ActiveCfg = Release|Any CPU
		{37B72A53-EAD7-49BC-8005-5456431774FE}.Release|Any CPU.Build.0 = Release|Any CPU
		{A156F7DF-EA72-41A0-BB03-4FFAF74BDCDD}.Debug|Any CPU.ActiveCfg = Debug|Any CPU
		{A156F7DF-EA72-41A0-BB03-4FFAF74BDCDD}.Debug|Any CPU.Build.0 = Debug|Any CPU
		{A156F7DF-EA72-41A0-BB03-4FFAF74BDCDD}.Release|Any CPU.ActiveCfg = Release|Any CPU
		{A156F7DF-EA72-41A0-BB03-4FFAF74BDCDD}.Release|Any CPU.Build.0 = Release|Any CPU
		{C8A8D56C-EBDD-40FB-A23A-05B86E4AD03E}.Debug|Any CPU.ActiveCfg = Debug|Any CPU
		{C8A8D56C-EBDD-40FB-A23A-05B86E4AD03E}.Debug|Any CPU.Build.0 = Debug|Any CPU
		{C8A8D56C-EBDD-40FB-A23A-05B86E4AD03E}.Release|Any CPU.ActiveCfg = Release|Any CPU
		{C8A8D56C-EBDD-40FB-A23A-05B86E4AD03E}.Release|Any CPU.Build.0 = Release|Any CPU
		{5D1BBF76-D44D-4908-9049-974B185BDB3B}.Debug|Any CPU.ActiveCfg = Debug|Any CPU
		{5D1BBF76-D44D-4908-9049-974B185BDB3B}.Debug|Any CPU.Build.0 = Debug|Any CPU
		{5D1BBF76-D44D-4908-9049-974B185BDB3B}.Release|Any CPU.ActiveCfg = Release|Any CPU
		{5D1BBF76-D44D-4908-9049-974B185BDB3B}.Release|Any CPU.Build.0 = Release|Any CPU
		{E8436055-68FA-47CE-9F72-403A535E42BE}.Debug|Any CPU.ActiveCfg = Debug|Any CPU
		{E8436055-68FA-47CE-9F72-403A535E42BE}.Debug|Any CPU.Build.0 = Debug|Any CPU
		{E8436055-68FA-47CE-9F72-403A535E42BE}.Release|Any CPU.ActiveCfg = Release|Any CPU
		{E8436055-68FA-47CE-9F72-403A535E42BE}.Release|Any CPU.Build.0 = Release|Any CPU
		{A8D14358-7433-40C6-95E0-0C0B0335D530}.Debug|Any CPU.ActiveCfg = Debug|Any CPU
		{A8D14358-7433-40C6-95E0-0C0B0335D530}.Debug|Any CPU.Build.0 = Debug|Any CPU
		{A8D14358-7433-40C6-95E0-0C0B0335D530}.Release|Any CPU.ActiveCfg = Release|Any CPU
		{A8D14358-7433-40C6-95E0-0C0B0335D530}.Release|Any CPU.Build.0 = Release|Any CPU
	EndGlobalSection
	GlobalSection(SolutionProperties) = preSolution
		HideSolutionNode = FALSE
	EndGlobalSection
	GlobalSection(NestedProjects) = preSolution
		{23760A18-75B9-4CCA-91EC-C05767F13432} = {BE1AF4F3-49F7-4FC8-B698-3E7E672E858F}
		{37B72A53-EAD7-49BC-8005-5456431774FE} = {BE1AF4F3-49F7-4FC8-B698-3E7E672E858F}
		{A156F7DF-EA72-41A0-BB03-4FFAF74BDCDD} = {BE1AF4F3-49F7-4FC8-B698-3E7E672E858F}
		{C8A8D56C-EBDD-40FB-A23A-05B86E4AD03E} = {BE1AF4F3-49F7-4FC8-B698-3E7E672E858F}
		{5D1BBF76-D44D-4908-9049-974B185BDB3B} = {BE1AF4F3-49F7-4FC8-B698-3E7E672E858F}
	EndGlobalSection
	GlobalSection(ExtensibilityGlobals) = postSolution
		SolutionGuid = {C6CE050F-1059-4A14-8FFA-9D96C7E73519}
	EndGlobalSection
EndGlobal
